// !$*UTF8*$!
{
	archiveVersion = 1;
	classes = {
	};
	objectVersion = 50;
	objects = {

/* Begin PBXBuildFile section */
		9FD5F05D235DB52D00F0DEFF /* AppDelegate.swift in Sources */ = {isa = PBXBuildFile; fileRef = 9FD5F05C235DB52D00F0DEFF /* AppDelegate.swift */; };
		9FD5F063235DB53000F0DEFF /* Assets.xcassets in Resources */ = {isa = PBXBuildFile; fileRef = 9FD5F062235DB53000F0DEFF /* Assets.xcassets */; };
		9FD5F066235DB53000F0DEFF /* Preview Assets.xcassets in Resources */ = {isa = PBXBuildFile; fileRef = 9FD5F065235DB53000F0DEFF /* Preview Assets.xcassets */; };
		9FD5F069235DB53000F0DEFF /* LaunchScreen.storyboard in Resources */ = {isa = PBXBuildFile; fileRef = 9FD5F067235DB53000F0DEFF /* LaunchScreen.storyboard */; };
		9FD5F074235DB53000F0DEFF /* SwiftTestTests.swift in Sources */ = {isa = PBXBuildFile; fileRef = 9FD5F073235DB53000F0DEFF /* SwiftTestTests.swift */; };
		9FD5F07F235DB53000F0DEFF /* SwiftTestUITests.swift in Sources */ = {isa = PBXBuildFile; fileRef = 9FD5F07E235DB53000F0DEFF /* SwiftTestUITests.swift */; };
		9FD5F08D235DB61F00F0DEFF /* Splash.storyboard in Resources */ = {isa = PBXBuildFile; fileRef = 9FD5F08C235DB61F00F0DEFF /* Splash.storyboard */; };
		9FD5F08F235DB72100F0DEFF /* Users.storyboard in Resources */ = {isa = PBXBuildFile; fileRef = 9FD5F08E235DB72100F0DEFF /* Users.storyboard */; };
		9FD5F093235DB85100F0DEFF /* UserListVC.swift in Sources */ = {isa = PBXBuildFile; fileRef = 9FD5F092235DB85100F0DEFF /* UserListVC.swift */; };
		9FD5F095235DB88500F0DEFF /* UserInfoVC.swift in Sources */ = {isa = PBXBuildFile; fileRef = 9FD5F094235DB88500F0DEFF /* UserInfoVC.swift */; };
		9FD5F098235DBA8300F0DEFF /* SplashVC.swift in Sources */ = {isa = PBXBuildFile; fileRef = 9FD5F097235DBA8300F0DEFF /* SplashVC.swift */; };
/* End PBXBuildFile section */

/* Begin PBXContainerItemProxy section */
		9FD5F070235DB53000F0DEFF /* PBXContainerItemProxy */ = {
			isa = PBXContainerItemProxy;
			containerPortal = 9FD5F051235DB52D00F0DEFF /* Project object */;
			proxyType = 1;
			remoteGlobalIDString = 9FD5F058235DB52D00F0DEFF;
			remoteInfo = SwiftTest;
		};
		9FD5F07B235DB53000F0DEFF /* PBXContainerItemProxy */ = {
			isa = PBXContainerItemProxy;
			containerPortal = 9FD5F051235DB52D00F0DEFF /* Project object */;
			proxyType = 1;
			remoteGlobalIDString = 9FD5F058235DB52D00F0DEFF;
			remoteInfo = SwiftTest;
		};
/* End PBXContainerItemProxy section */

/* Begin PBXFileReference section */
		9FD5F059235DB52D00F0DEFF /* SwiftTest.app */ = {isa = PBXFileReference; explicitFileType = wrapper.application; includeInIndex = 0; path = SwiftTest.app; sourceTree = BUILT_PRODUCTS_DIR; };
		9FD5F05C235DB52D00F0DEFF /* AppDelegate.swift */ = {isa = PBXFileReference; lastKnownFileType = sourcecode.swift; path = AppDelegate.swift; sourceTree = "<group>"; };
		9FD5F062235DB53000F0DEFF /* Assets.xcassets */ = {isa = PBXFileReference; lastKnownFileType = folder.assetcatalog; path = Assets.xcassets; sourceTree = "<group>"; };
		9FD5F065235DB53000F0DEFF /* Preview Assets.xcassets */ = {isa = PBXFileReference; lastKnownFileType = folder.assetcatalog; path = "Preview Assets.xcassets"; sourceTree = "<group>"; };
		9FD5F068235DB53000F0DEFF /* Base */ = {isa = PBXFileReference; lastKnownFileType = file.storyboard; name = Base; path = Base.lproj/LaunchScreen.storyboard; sourceTree = "<group>"; };
		9FD5F06A235DB53000F0DEFF /* Info.plist */ = {isa = PBXFileReference; lastKnownFileType = text.plist.xml; path = Info.plist; sourceTree = "<group>"; };
		9FD5F06F235DB53000F0DEFF /* SwiftTestTests.xctest */ = {isa = PBXFileReference; explicitFileType = wrapper.cfbundle; includeInIndex = 0; path = SwiftTestTests.xctest; sourceTree = BUILT_PRODUCTS_DIR; };
		9FD5F073235DB53000F0DEFF /* SwiftTestTests.swift */ = {isa = PBXFileReference; lastKnownFileType = sourcecode.swift; path = SwiftTestTests.swift; sourceTree = "<group>"; };
		9FD5F075235DB53000F0DEFF /* Info.plist */ = {isa = PBXFileReference; lastKnownFileType = text.plist.xml; path = Info.plist; sourceTree = "<group>"; };
		9FD5F07A235DB53000F0DEFF /* SwiftTestUITests.xctest */ = {isa = PBXFileReference; explicitFileType = wrapper.cfbundle; includeInIndex = 0; path = SwiftTestUITests.xctest; sourceTree = BUILT_PRODUCTS_DIR; };
		9FD5F07E235DB53000F0DEFF /* SwiftTestUITests.swift */ = {isa = PBXFileReference; lastKnownFileType = sourcecode.swift; path = SwiftTestUITests.swift; sourceTree = "<group>"; };
		9FD5F080235DB53000F0DEFF /* Info.plist */ = {isa = PBXFileReference; lastKnownFileType = text.plist.xml; path = Info.plist; sourceTree = "<group>"; };
		9FD5F08C235DB61F00F0DEFF /* Splash.storyboard */ = {isa = PBXFileReference; lastKnownFileType = file.storyboard; path = Splash.storyboard; sourceTree = "<group>"; };
		9FD5F08E235DB72100F0DEFF /* Users.storyboard */ = {isa = PBXFileReference; lastKnownFileType = file.storyboard; path = Users.storyboard; sourceTree = "<group>"; };
		9FD5F092235DB85100F0DEFF /* UserListVC.swift */ = {isa = PBXFileReference; lastKnownFileType = sourcecode.swift; path = UserListVC.swift; sourceTree = "<group>"; };
		9FD5F094235DB88500F0DEFF /* UserInfoVC.swift */ = {isa = PBXFileReference; lastKnownFileType = sourcecode.swift; path = UserInfoVC.swift; sourceTree = "<group>"; };
		9FD5F097235DBA8300F0DEFF /* SplashVC.swift */ = {isa = PBXFileReference; lastKnownFileType = sourcecode.swift; path = SplashVC.swift; sourceTree = "<group>"; };
/* End PBXFileReference section */

/* Begin PBXFrameworksBuildPhase section */
		9FD5F056235DB52D00F0DEFF /* Frameworks */ = {
			isa = PBXFrameworksBuildPhase;
			buildActionMask = 2147483647;
			files = (
			);
			runOnlyForDeploymentPostprocessing = 0;
		};
		9FD5F06C235DB53000F0DEFF /* Frameworks */ = {
			isa = PBXFrameworksBuildPhase;
			buildActionMask = 2147483647;
			files = (
			);
			runOnlyForDeploymentPostprocessing = 0;
		};
		9FD5F077235DB53000F0DEFF /* Frameworks */ = {
			isa = PBXFrameworksBuildPhase;
			buildActionMask = 2147483647;
			files = (
			);
			runOnlyForDeploymentPostprocessing = 0;
		};
/* End PBXFrameworksBuildPhase section */

/* Begin PBXGroup section */
		9FD5F050235DB52D00F0DEFF = {
			isa = PBXGroup;
			children = (
				9FD5F05B235DB52D00F0DEFF /* SwiftTest */,
				9FD5F072235DB53000F0DEFF /* SwiftTestTests */,
				9FD5F07D235DB53000F0DEFF /* SwiftTestUITests */,
				9FD5F05A235DB52D00F0DEFF /* Products */,
			);
			sourceTree = "<group>";
		};
		9FD5F05A235DB52D00F0DEFF /* Products */ = {
			isa = PBXGroup;
			children = (
				9FD5F059235DB52D00F0DEFF /* SwiftTest.app */,
				9FD5F06F235DB53000F0DEFF /* SwiftTestTests.xctest */,
				9FD5F07A235DB53000F0DEFF /* SwiftTestUITests.xctest */,
			);
			name = Products;
			sourceTree = "<group>";
		};
		9FD5F05B235DB52D00F0DEFF /* SwiftTest */ = {
			isa = PBXGroup;
			children = (
				9FD5F090235DB80E00F0DEFF /* Storyboards */,
				9FD5F05C235DB52D00F0DEFF /* AppDelegate.swift */,
				9FD5F062235DB53000F0DEFF /* Assets.xcassets */,
				9FD5F06A235DB53000F0DEFF /* Info.plist */,
				9FD5F064235DB53000F0DEFF /* Preview Content */,
			);
			path = SwiftTest;
			sourceTree = "<group>";
		};
		9FD5F064235DB53000F0DEFF /* Preview Content */ = {
			isa = PBXGroup;
			children = (
				9FD5F065235DB53000F0DEFF /* Preview Assets.xcassets */,
			);
			path = "Preview Content";
			sourceTree = "<group>";
		};
		9FD5F072235DB53000F0DEFF /* SwiftTestTests */ = {
			isa = PBXGroup;
			children = (
				9FD5F073235DB53000F0DEFF /* SwiftTestTests.swift */,
				9FD5F075235DB53000F0DEFF /* Info.plist */,
			);
			path = SwiftTestTests;
			sourceTree = "<group>";
		};
		9FD5F07D235DB53000F0DEFF /* SwiftTestUITests */ = {
			isa = PBXGroup;
			children = (
				9FD5F07E235DB53000F0DEFF /* SwiftTestUITests.swift */,
				9FD5F080235DB53000F0DEFF /* Info.plist */,
			);
			path = SwiftTestUITests;
			sourceTree = "<group>";
		};
		9FD5F090235DB80E00F0DEFF /* Storyboards */ = {
			isa = PBXGroup;
			children = (
				9FD5F067235DB53000F0DEFF /* LaunchScreen.storyboard */,
				9FD5F096235DBA6900F0DEFF /* Main */,
				9FD5F091235DB82800F0DEFF /* Users */,
			);
			path = Storyboards;
			sourceTree = "<group>";
		};
		9FD5F091235DB82800F0DEFF /* Users */ = {
			isa = PBXGroup;
			children = (
				9FD5F08E235DB72100F0DEFF /* Users.storyboard */,
				9FD5F092235DB85100F0DEFF /* UserListVC.swift */,
				9FD5F094235DB88500F0DEFF /* UserInfoVC.swift */,
			);
			path = Users;
			sourceTree = "<group>";
		};
		9FD5F096235DBA6900F0DEFF /* Main */ = {
			isa = PBXGroup;
			children = (
				9FD5F08C235DB61F00F0DEFF /* Splash.storyboard */,
				9FD5F097235DBA8300F0DEFF /* SplashVC.swift */,
			);
			path = Main;
			sourceTree = "<group>";
		};
/* End PBXGroup section */

/* Begin PBXNativeTarget section */
		9FD5F058235DB52D00F0DEFF /* SwiftTest */ = {
			isa = PBXNativeTarget;
			buildConfigurationList = 9FD5F083235DB53000F0DEFF /* Build configuration list for PBXNativeTarget "SwiftTest" */;
			buildPhases = (
				9FD5F055235DB52D00F0DEFF /* Sources */,
				9FD5F056235DB52D00F0DEFF /* Frameworks */,
				9FD5F057235DB52D00F0DEFF /* Resources */,
			);
			buildRules = (
			);
			dependencies = (
			);
			name = SwiftTest;
			productName = SwiftTest;
			productReference = 9FD5F059235DB52D00F0DEFF /* SwiftTest.app */;
			productType = "com.apple.product-type.application";
		};
		9FD5F06E235DB53000F0DEFF /* SwiftTestTests */ = {
			isa = PBXNativeTarget;
			buildConfigurationList = 9FD5F086235DB53000F0DEFF /* Build configuration list for PBXNativeTarget "SwiftTestTests" */;
			buildPhases = (
				9FD5F06B235DB53000F0DEFF /* Sources */,
				9FD5F06C235DB53000F0DEFF /* Frameworks */,
				9FD5F06D235DB53000F0DEFF /* Resources */,
			);
			buildRules = (
			);
			dependencies = (
				9FD5F071235DB53000F0DEFF /* PBXTargetDependency */,
			);
			name = SwiftTestTests;
			productName = SwiftTestTests;
			productReference = 9FD5F06F235DB53000F0DEFF /* SwiftTestTests.xctest */;
			productType = "com.apple.product-type.bundle.unit-test";
		};
		9FD5F079235DB53000F0DEFF /* SwiftTestUITests */ = {
			isa = PBXNativeTarget;
			buildConfigurationList = 9FD5F089235DB53000F0DEFF /* Build configuration list for PBXNativeTarget "SwiftTestUITests" */;
			buildPhases = (
				9FD5F076235DB53000F0DEFF /* Sources */,
				9FD5F077235DB53000F0DEFF /* Frameworks */,
				9FD5F078235DB53000F0DEFF /* Resources */,
			);
			buildRules = (
			);
			dependencies = (
				9FD5F07C235DB53000F0DEFF /* PBXTargetDependency */,
			);
			name = SwiftTestUITests;
			productName = SwiftTestUITests;
			productReference = 9FD5F07A235DB53000F0DEFF /* SwiftTestUITests.xctest */;
			productType = "com.apple.product-type.bundle.ui-testing";
		};
/* End PBXNativeTarget section */

/* Begin PBXProject section */
		9FD5F051235DB52D00F0DEFF /* Project object */ = {
			isa = PBXProject;
			attributes = {
				LastSwiftUpdateCheck = 1110;
				LastUpgradeCheck = 1110;
				ORGANIZATIONNAME = Test;
				TargetAttributes = {
					9FD5F058235DB52D00F0DEFF = {
						CreatedOnToolsVersion = 11.1;
					};
					9FD5F06E235DB53000F0DEFF = {
						CreatedOnToolsVersion = 11.1;
						TestTargetID = 9FD5F058235DB52D00F0DEFF;
					};
					9FD5F079235DB53000F0DEFF = {
						CreatedOnToolsVersion = 11.1;
						TestTargetID = 9FD5F058235DB52D00F0DEFF;
					};
				};
			};
			buildConfigurationList = 9FD5F054235DB52D00F0DEFF /* Build configuration list for PBXProject "SwiftTest" */;
			compatibilityVersion = "Xcode 9.3";
			developmentRegion = en;
			hasScannedForEncodings = 0;
			knownRegions = (
				en,
				Base,
			);
			mainGroup = 9FD5F050235DB52D00F0DEFF;
			productRefGroup = 9FD5F05A235DB52D00F0DEFF /* Products */;
			projectDirPath = "";
			projectRoot = "";
			targets = (
				9FD5F058235DB52D00F0DEFF /* SwiftTest */,
				9FD5F06E235DB53000F0DEFF /* SwiftTestTests */,
				9FD5F079235DB53000F0DEFF /* SwiftTestUITests */,
			);
		};
/* End PBXProject section */

/* Begin PBXResourcesBuildPhase section */
		9FD5F057235DB52D00F0DEFF /* Resources */ = {
			isa = PBXResourcesBuildPhase;
			buildActionMask = 2147483647;
			files = (
				9FD5F069235DB53000F0DEFF /* LaunchScreen.storyboard in Resources */,
				9FD5F08F235DB72100F0DEFF /* Users.storyboard in Resources */,
				9FD5F066235DB53000F0DEFF /* Preview Assets.xcassets in Resources */,
				9FD5F063235DB53000F0DEFF /* Assets.xcassets in Resources */,
				9FD5F08D235DB61F00F0DEFF /* Splash.storyboard in Resources */,
			);
			runOnlyForDeploymentPostprocessing = 0;
		};
		9FD5F06D235DB53000F0DEFF /* Resources */ = {
			isa = PBXResourcesBuildPhase;
			buildActionMask = 2147483647;
			files = (
			);
			runOnlyForDeploymentPostprocessing = 0;
		};
		9FD5F078235DB53000F0DEFF /* Resources */ = {
			isa = PBXResourcesBuildPhase;
			buildActionMask = 2147483647;
			files = (
			);
			runOnlyForDeploymentPostprocessing = 0;
		};
/* End PBXResourcesBuildPhase section */

/* Begin PBXSourcesBuildPhase section */
		9FD5F055235DB52D00F0DEFF /* Sources */ = {
			isa = PBXSourcesBuildPhase;
			buildActionMask = 2147483647;
			files = (
				9FD5F095235DB88500F0DEFF /* UserInfoVC.swift in Sources */,
				9FD5F098235DBA8300F0DEFF /* SplashVC.swift in Sources */,
				9FD5F05D235DB52D00F0DEFF /* AppDelegate.swift in Sources */,
				9FD5F093235DB85100F0DEFF /* UserListVC.swift in Sources */,
			);
			runOnlyForDeploymentPostprocessing = 0;
		};
		9FD5F06B235DB53000F0DEFF /* Sources */ = {
			isa = PBXSourcesBuildPhase;
			buildActionMask = 2147483647;
			files = (
				9FD5F074235DB53000F0DEFF /* SwiftTestTests.swift in Sources */,
			);
			runOnlyForDeploymentPostprocessing = 0;
		};
		9FD5F076235DB53000F0DEFF /* Sources */ = {
			isa = PBXSourcesBuildPhase;
			buildActionMask = 2147483647;
			files = (
				9FD5F07F235DB53000F0DEFF /* SwiftTestUITests.swift in Sources */,
			);
			runOnlyForDeploymentPostprocessing = 0;
		};
/* End PBXSourcesBuildPhase section */

/* Begin PBXTargetDependency section */
		9FD5F071235DB53000F0DEFF /* PBXTargetDependency */ = {
			isa = PBXTargetDependency;
			target = 9FD5F058235DB52D00F0DEFF /* SwiftTest */;
			targetProxy = 9FD5F070235DB53000F0DEFF /* PBXContainerItemProxy */;
		};
		9FD5F07C235DB53000F0DEFF /* PBXTargetDependency */ = {
			isa = PBXTargetDependency;
			target = 9FD5F058235DB52D00F0DEFF /* SwiftTest */;
			targetProxy = 9FD5F07B235DB53000F0DEFF /* PBXContainerItemProxy */;
		};
/* End PBXTargetDependency section */

/* Begin PBXVariantGroup section */
		9FD5F067235DB53000F0DEFF /* LaunchScreen.storyboard */ = {
			isa = PBXVariantGroup;
			children = (
				9FD5F068235DB53000F0DEFF /* Base */,
			);
			name = LaunchScreen.storyboard;
			sourceTree = "<group>";
		};
/* End PBXVariantGroup section */

/* Begin XCBuildConfiguration section */
		9FD5F081235DB53000F0DEFF /* Debug */ = {
			isa = XCBuildConfiguration;
			buildSettings = {
				ALWAYS_SEARCH_USER_PATHS = NO;
				CLANG_ANALYZER_NONNULL = YES;
				CLANG_ANALYZER_NUMBER_OBJECT_CONVERSION = YES_AGGRESSIVE;
				CLANG_CXX_LANGUAGE_STANDARD = "gnu++14";
				CLANG_CXX_LIBRARY = "libc++";
				CLANG_ENABLE_MODULES = YES;
				CLANG_ENABLE_OBJC_ARC = YES;
				CLANG_ENABLE_OBJC_WEAK = YES;
				CLANG_WARN_BLOCK_CAPTURE_AUTORELEASING = YES;
				CLANG_WARN_BOOL_CONVERSION = YES;
				CLANG_WARN_COMMA = YES;
				CLANG_WARN_CONSTANT_CONVERSION = YES;
				CLANG_WARN_DEPRECATED_OBJC_IMPLEMENTATIONS = YES;
				CLANG_WARN_DIRECT_OBJC_ISA_USAGE = YES_ERROR;
				CLANG_WARN_DOCUMENTATION_COMMENTS = YES;
				CLANG_WARN_EMPTY_BODY = YES;
				CLANG_WARN_ENUM_CONVERSION = YES;
				CLANG_WARN_INFINITE_RECURSION = YES;
				CLANG_WARN_INT_CONVERSION = YES;
				CLANG_WARN_NON_LITERAL_NULL_CONVERSION = YES;
				CLANG_WARN_OBJC_IMPLICIT_RETAIN_SELF = YES;
				CLANG_WARN_OBJC_LITERAL_CONVERSION = YES;
				CLANG_WARN_OBJC_ROOT_CLASS = YES_ERROR;
				CLANG_WARN_RANGE_LOOP_ANALYSIS = YES;
				CLANG_WARN_STRICT_PROTOTYPES = YES;
				CLANG_WARN_SUSPICIOUS_MOVE = YES;
				CLANG_WARN_UNGUARDED_AVAILABILITY = YES_AGGRESSIVE;
				CLANG_WARN_UNREACHABLE_CODE = YES;
				CLANG_WARN__DUPLICATE_METHOD_MATCH = YES;
				COPY_PHASE_STRIP = NO;
				DEBUG_INFORMATION_FORMAT = dwarf;
				ENABLE_STRICT_OBJC_MSGSEND = YES;
				ENABLE_TESTABILITY = YES;
				GCC_C_LANGUAGE_STANDARD = gnu11;
				GCC_DYNAMIC_NO_PIC = NO;
				GCC_NO_COMMON_BLOCKS = YES;
				GCC_OPTIMIZATION_LEVEL = 0;
				GCC_PREPROCESSOR_DEFINITIONS = (
					"DEBUG=1",
					"$(inherited)",
				);
				GCC_WARN_64_TO_32_BIT_CONVERSION = YES;
				GCC_WARN_ABOUT_RETURN_TYPE = YES_ERROR;
				GCC_WARN_UNDECLARED_SELECTOR = YES;
				GCC_WARN_UNINITIALIZED_AUTOS = YES_AGGRESSIVE;
				GCC_WARN_UNUSED_FUNCTION = YES;
				GCC_WARN_UNUSED_VARIABLE = YES;
				IPHONEOS_DEPLOYMENT_TARGET = 13.1;
				MTL_ENABLE_DEBUG_INFO = INCLUDE_SOURCE;
				MTL_FAST_MATH = YES;
				ONLY_ACTIVE_ARCH = YES;
				SDKROOT = iphoneos;
				SWIFT_ACTIVE_COMPILATION_CONDITIONS = DEBUG;
				SWIFT_OPTIMIZATION_LEVEL = "-Onone";
			};
			name = Debug;
		};
		9FD5F082235DB53000F0DEFF /* Release */ = {
			isa = XCBuildConfiguration;
			buildSettings = {
				ALWAYS_SEARCH_USER_PATHS = NO;
				CLANG_ANALYZER_NONNULL = YES;
				CLANG_ANALYZER_NUMBER_OBJECT_CONVERSION = YES_AGGRESSIVE;
				CLANG_CXX_LANGUAGE_STANDARD = "gnu++14";
				CLANG_CXX_LIBRARY = "libc++";
				CLANG_ENABLE_MODULES = YES;
				CLANG_ENABLE_OBJC_ARC = YES;
				CLANG_ENABLE_OBJC_WEAK = YES;
				CLANG_WARN_BLOCK_CAPTURE_AUTORELEASING = YES;
				CLANG_WARN_BOOL_CONVERSION = YES;
				CLANG_WARN_COMMA = YES;
				CLANG_WARN_CONSTANT_CONVERSION = YES;
				CLANG_WARN_DEPRECATED_OBJC_IMPLEMENTATIONS = YES;
				CLANG_WARN_DIRECT_OBJC_ISA_USAGE = YES_ERROR;
				CLANG_WARN_DOCUMENTATION_COMMENTS = YES;
				CLANG_WARN_EMPTY_BODY = YES;
				CLANG_WARN_ENUM_CONVERSION = YES;
				CLANG_WARN_INFINITE_RECURSION = YES;
				CLANG_WARN_INT_CONVERSION = YES;
				CLANG_WARN_NON_LITERAL_NULL_CONVERSION = YES;
				CLANG_WARN_OBJC_IMPLICIT_RETAIN_SELF = YES;
				CLANG_WARN_OBJC_LITERAL_CONVERSION = YES;
				CLANG_WARN_OBJC_ROOT_CLASS = YES_ERROR;
				CLANG_WARN_RANGE_LOOP_ANALYSIS = YES;
				CLANG_WARN_STRICT_PROTOTYPES = YES;
				CLANG_WARN_SUSPICIOUS_MOVE = YES;
				CLANG_WARN_UNGUARDED_AVAILABILITY = YES_AGGRESSIVE;
				CLANG_WARN_UNREACHABLE_CODE = YES;
				CLANG_WARN__DUPLICATE_METHOD_MATCH = YES;
				COPY_PHASE_STRIP = NO;
				DEBUG_INFORMATION_FORMAT = "dwarf-with-dsym";
				ENABLE_NS_ASSERTIONS = NO;
				ENABLE_STRICT_OBJC_MSGSEND = YES;
				GCC_C_LANGUAGE_STANDARD = gnu11;
				GCC_NO_COMMON_BLOCKS = YES;
				GCC_WARN_64_TO_32_BIT_CONVERSION = YES;
				GCC_WARN_ABOUT_RETURN_TYPE = YES_ERROR;
				GCC_WARN_UNDECLARED_SELECTOR = YES;
				GCC_WARN_UNINITIALIZED_AUTOS = YES_AGGRESSIVE;
				GCC_WARN_UNUSED_FUNCTION = YES;
				GCC_WARN_UNUSED_VARIABLE = YES;
				IPHONEOS_DEPLOYMENT_TARGET = 13.1;
				MTL_ENABLE_DEBUG_INFO = NO;
				MTL_FAST_MATH = YES;
				SDKROOT = iphoneos;
				SWIFT_COMPILATION_MODE = wholemodule;
				SWIFT_OPTIMIZATION_LEVEL = "-O";
				VALIDATE_PRODUCT = YES;
			};
			name = Release;
		};
		9FD5F084235DB53000F0DEFF /* Debug */ = {
			isa = XCBuildConfiguration;
			buildSettings = {
				ASSETCATALOG_COMPILER_APPICON_NAME = AppIcon;
				CODE_SIGN_STYLE = Automatic;
				DEVELOPMENT_ASSET_PATHS = "\"SwiftTest/Preview Content\"";
				ENABLE_PREVIEWS = YES;
				INFOPLIST_FILE = SwiftTest/Info.plist;
				LD_RUNPATH_SEARCH_PATHS = (
					"$(inherited)",
					"@executable_path/Frameworks",
				);
				PRODUCT_BUNDLE_IDENTIFIER = com.zeljko.ilic.SwiftTest;
				PRODUCT_NAME = "$(TARGET_NAME)";
				SWIFT_VERSION = 5.0;
				TARGETED_DEVICE_FAMILY = "1,2";
			};
			name = Debug;
		};
		9FD5F085235DB53000F0DEFF /* Release */ = {
			isa = XCBuildConfiguration;
			buildSettings = {
				ASSETCATALOG_COMPILER_APPICON_NAME = AppIcon;
				CODE_SIGN_STYLE = Automatic;
				DEVELOPMENT_ASSET_PATHS = "\"SwiftTest/Preview Content\"";
				ENABLE_PREVIEWS = YES;
				INFOPLIST_FILE = SwiftTest/Info.plist;
				LD_RUNPATH_SEARCH_PATHS = (
					"$(inherited)",
					"@executable_path/Frameworks",
				);
				PRODUCT_BUNDLE_IDENTIFIER = com.zeljko.ilic.SwiftTest;
				PRODUCT_NAME = "$(TARGET_NAME)";
				SWIFT_VERSION = 5.0;
				TARGETED_DEVICE_FAMILY = "1,2";
			};
			name = Release;
		};
		9FD5F087235DB53000F0DEFF /* Debug */ = {
			isa = XCBuildConfiguration;
			buildSettings = {
				ALWAYS_EMBED_SWIFT_STANDARD_LIBRARIES = YES;
				BUNDLE_LOADER = "$(TEST_HOST)";
				CODE_SIGN_STYLE = Automatic;
				INFOPLIST_FILE = SwiftTestTests/Info.plist;
				IPHONEOS_DEPLOYMENT_TARGET = 13.1;
				LD_RUNPATH_SEARCH_PATHS = (
					"$(inherited)",
					"@executable_path/Frameworks",
					"@loader_path/Frameworks",
				);
				PRODUCT_BUNDLE_IDENTIFIER = com.zeljko.ilic.SwiftTestTests;
				PRODUCT_NAME = "$(TARGET_NAME)";
				SWIFT_VERSION = 5.0;
				TARGETED_DEVICE_FAMILY = "1,2";
				TEST_HOST = "$(BUILT_PRODUCTS_DIR)/SwiftTest.app/SwiftTest";
			};
			name = Debug;
		};
		9FD5F088235DB53000F0DEFF /* Release */ = {
			isa = XCBuildConfiguration;
			buildSettings = {
				ALWAYS_EMBED_SWIFT_STANDARD_LIBRARIES = YES;
				BUNDLE_LOADER = "$(TEST_HOST)";
				CODE_SIGN_STYLE = Automatic;
				INFOPLIST_FILE = SwiftTestTests/Info.plist;
				IPHONEOS_DEPLOYMENT_TARGET = 13.1;
				LD_RUNPATH_SEARCH_PATHS = (
					"$(inherited)",
					"@executable_path/Frameworks",
					"@loader_path/Frameworks",
				);
				PRODUCT_BUNDLE_IDENTIFIER = com.zeljko.ilic.SwiftTestTests;
				PRODUCT_NAME = "$(TARGET_NAME)";
				SWIFT_VERSION = 5.0;
				TARGETED_DEVICE_FAMILY = "1,2";
				TEST_HOST = "$(BUILT_PRODUCTS_DIR)/SwiftTest.app/SwiftTest";
			};
			name = Release;
		};
		9FD5F08A235DB53000F0DEFF /* Debug */ = {
			isa = XCBuildConfiguration;
			buildSettings = {
				ALWAYS_EMBED_SWIFT_STANDARD_LIBRARIES = YES;
				CODE_SIGN_STYLE = Automatic;
				INFOPLIST_FILE = SwiftTestUITests/Info.plist;
				LD_RUNPATH_SEARCH_PATHS = (
					"$(inherited)",
					"@executable_path/Frameworks",
					"@loader_path/Frameworks",
				);
				PRODUCT_BUNDLE_IDENTIFIER = com.zeljko.ilic.SwiftTestUITests;
				PRODUCT_NAME = "$(TARGET_NAME)";
				SWIFT_VERSION = 5.0;
				TARGETED_DEVICE_FAMILY = "1,2";
				TEST_TARGET_NAME = SwiftTest;
			};
			name = Debug;
		};
		9FD5F08B235DB53000F0DEFF /* Release */ = {
			isa = XCBuildConfiguration;
			buildSettings = {
				ALWAYS_EMBED_SWIFT_STANDARD_LIBRARIES = YES;
				CODE_SIGN_STYLE = Automatic;
				INFOPLIST_FILE = SwiftTestUITests/Info.plist;
				LD_RUNPATH_SEARCH_PATHS = (
					"$(inherited)",
					"@executable_path/Frameworks",
					"@loader_path/Frameworks",
				);
				PRODUCT_BUNDLE_IDENTIFIER = com.zeljko.ilic.SwiftTestUITests;
				PRODUCT_NAME = "$(TARGET_NAME)";
				SWIFT_VERSION = 5.0;
				TARGETED_DEVICE_FAMILY = "1,2";
				TEST_TARGET_NAME = SwiftTest;
			};
			name = Release;
		};
/* End XCBuildConfiguration section */

/* Begin XCConfigurationList section */
		9FD5F054235DB52D00F0DEFF /* Build configuration list for PBXProject "SwiftTest" */ = {
			isa = XCConfigurationList;
			buildConfigurations = (
				9FD5F081235DB53000F0DEFF /* Debug */,
				9FD5F082235DB53000F0DEFF /* Release */,
			);
			defaultConfigurationIsVisible = 0;
			defaultConfigurationName = Release;
		};
		9FD5F083235DB53000F0DEFF /* Build configuration list for PBXNativeTarget "SwiftTest" */ = {
			isa = XCConfigurationList;
			buildConfigurations = (
				9FD5F084235DB53000F0DEFF /* Debug */,
				9FD5F085235DB53000F0DEFF /* Release */,
			);
			defaultConfigurationIsVisible = 0;
			defaultConfigurationName = Release;
		};
		9FD5F086235DB53000F0DEFF /* Build configuration list for PBXNativeTarget "SwiftTestTests" */ = {
			isa = XCConfigurationList;
			buildConfigurations = (
				9FD5F087235DB53000F0DEFF /* Debug */,
				9FD5F088235DB53000F0DEFF /* Release */,
			);
			defaultConfigurationIsVisible = 0;
			defaultConfigurationName = Release;
		};
		9FD5F089235DB53000F0DEFF /* Build configuration list for PBXNativeTarget "SwiftTestUITests" */ = {
			isa = XCConfigurationList;
			buildConfigurations = (
				9FD5F08A235DB53000F0DEFF /* Debug */,
				9FD5F08B235DB53000F0DEFF /* Release */,
			);
			defaultConfigurationIsVisible = 0;
			defaultConfigurationName = Release;
		};
/* End XCConfigurationList section */
	};
	rootObject = 9FD5F051235DB52D00F0DEFF /* Project object */;
}
